
Microsoft Visual Studio Solution File, Format Version 12.00
# Visual Studio Version 16
VisualStudioVersion = 16.0.31410.357
MinimumVisualStudioVersion = 10.0.40219.1
Project("{FAE04EC0-301F-11D3-BF4B-00C04F79EFBC}") = "BotApp", "BotApp\BotApp.csproj", "{9F3DE6B1-0FA7-4F24-B20E-294EC4CEDFDC}"
EndProject
Global
	GlobalSection(SolutionConfigurationPlatforms) = preSolution
		Debug|ARM = Debug|ARM
		Debug|ARM64 = Debug|ARM64
		Debug|x64 = Debug|x64
		Debug|x86 = Debug|x86
		Release|ARM = Release|ARM
		Release|ARM64 = Release|ARM64
		Release|x64 = Release|x64
		Release|x86 = Release|x86
	EndGlobalSection
	GlobalSection(ProjectConfigurationPlatforms) = postSolution
		{9F3DE6B1-0FA7-4F24-B20E-294EC4CEDFDC}.Debug|ARM.ActiveCfg = Debug|ARM
		{9F3DE6B1-0FA7-4F24-B20E-294EC4CEDFDC}.Debug|ARM.Build.0 = Debug|ARM
		{9F3DE6B1-0FA7-4F24-B20E-294EC4CEDFDC}.Debug|ARM.Deploy.0 = Debug|ARM
		{9F3DE6B1-0FA7-4F24-B20E-294EC4CEDFDC}.Debug|ARM64.ActiveCfg = Debug|ARM64
		{9F3DE6B1-0FA7-4F24-B20E-294EC4CEDFDC}.Debug|ARM64.Build.0 = Debug|ARM64
		{9F3DE6B1-0FA7-4F24-B20E-294EC4CEDFDC}.Debug|ARM64.Deploy.0 = Debug|ARM64
		{9F3DE6B1-0FA7-4F24-B20E-294EC4CEDFDC}.Debug|x64.ActiveCfg = Debug|x64
		{9F3DE6B1-0FA7-4F24-B20E-294EC4CEDFDC}.Debug|x64.Build.0 = Debug|x64
		{9F3DE6B1-0FA7-4F24-B20E-294EC4CEDFDC}.Debug|x64.Deploy.0 = Debug|x64
		{9F3DE6B1-0FA7-4F24-B20E-294EC4CEDFDC}.Debug|x86.ActiveCfg = Debug|x86
		{9F3DE6B1-0FA7-4F24-B20E-294EC4CEDFDC}.Debug|x86.Build.0 = Debug|x86
		{9F3DE6B1-0FA7-4F24-B20E-294EC4CEDFDC}.Debug|x86.Deploy.0 = Debug|x86
		{9F3DE6B1-0FA7-4F24-B20E-294EC4CEDFDC}.Release|ARM.ActiveCfg = Release|ARM
		{9F3DE6B1-0FA7-4F24-B20E-294EC4CEDFDC}.Release|ARM.Build.0 = Release|ARM
		{9F3DE6B1-0FA7-4F24-B20E-294EC4CEDFDC}.Release|ARM.Deploy.0 = Release|ARM
		{9F3DE6B1-0FA7-4F24-B20E-294EC4CEDFDC}.Release|ARM64.ActiveCfg = Release|ARM64
		{9F3DE6B1-0FA7-4F24-B20E-294EC4CEDFDC}.Release|ARM64.Build.0 = Release|ARM64
		{9F3DE6B1-0FA7-4F24-B20E-294EC4CEDFDC}.Release|ARM64.Deploy.0 = Release|ARM64
		{9F3DE6B1-0FA7-4F24-B20E-294EC4CEDFDC}.Release|x64.ActiveCfg = Release|x64
		{9F3DE6B1-0FA7-4F24-B20E-294EC4CEDFDC}.Release|x64.Build.0 = Release|x64
		{9F3DE6B1-0FA7-4F24-B20E-294EC4CEDFDC}.Release|x64.Deploy.0 = Release|x64
		{9F3DE6B1-0FA7-4F24-B20E-294EC4CEDFDC}.Release|x86.ActiveCfg = Release|x86
		{9F3DE6B1-0FA7-4F24-B20E-294EC4CEDFDC}.Release|x86.Build.0 = Release|x86
		{9F3DE6B1-0FA7-4F24-B20E-294EC4CEDFDC}.Release|x86.Deploy.0 = Release|x86
	EndGlobalSection
	GlobalSection(SolutionProperties) = preSolution
		HideSolutionNode = FALSE
	EndGlobalSection
	GlobalSection(ExtensibilityGlobals) = postSolution
		SolutionGuid = {EE332797-26A5-42A6-ABC3-3F59CA4CC903}
	EndGlobalSection
EndGlobal
